
Microsoft Visual Studio Solution File, Format Version 12.00
# Visual Studio Version 17
VisualStudioVersion = 17.8.34309.116
MinimumVisualStudioVersion = 10.0.40219.1
Project("{FAE04EC0-301F-11D3-BF4B-00C04F79EFBC}") = "dot net authentication", "dot net authentication\dot net authentication.csproj", "{3FA9AB2F-3D54-41A6-9370-49DE42AF333C}"
EndProject
Global
	GlobalSection(SolutionConfigurationPlatforms) = preSolution
		Debug|Any CPU = Debug|Any CPU
		Release|Any CPU = Release|Any CPU
	EndGlobalSection
	GlobalSection(ProjectConfigurationPlatforms) = postSolution
		{3FA9AB2F-3D54-41A6-9370-49DE42AF333C}.Debug|Any CPU.ActiveCfg = Debug|Any CPU
		{3FA9AB2F-3D54-41A6-9370-49DE42AF333C}.Debug|Any CPU.Build.0 = Debug|Any CPU
		{3FA9AB2F-3D54-41A6-9370-49DE42AF333C}.Release|Any CPU.ActiveCfg = Release|Any CPU
		{3FA9AB2F-3D54-41A6-9370-49DE42AF333C}.Release|Any CPU.Build.0 = Release|Any CPU
	EndGlobalSection
	GlobalSection(SolutionProperties) = preSolution
		HideSolutionNode = FALSE
	EndGlobalSection
	GlobalSection(ExtensibilityGlobals) = postSolution
		SolutionGuid = {6DFE0B51-88CC-4B51-8934-1803177510A8}
	EndGlobalSection
EndGlobal
